// !$*UTF8*$!
{
	archiveVersion = 1;
	classes = {
	};
	objectVersion = 50;
	objects = {

/* Begin PBXBuildFile section */
		242481EF217ED15000F708C6 /* MessageAndWebSocket.swift in Sources */ = {isa = PBXBuildFile; fileRef = 242481EE217ED15000F708C6 /* MessageAndWebSocket.swift */; };
		245617422178BDB8007A9103 /* ChatViewController.swift in Sources */ = {isa = PBXBuildFile; fileRef = 245617412178BDB8007A9103 /* ChatViewController.swift */; };
		6D2988F021935F590004199F /* TokenService.swift in Sources */ = {isa = PBXBuildFile; fileRef = 6D2988EF21935F590004199F /* TokenService.swift */; };
		6D6AA39F2136DED600635BB4 /* .gitignore in Resources */ = {isa = PBXBuildFile; fileRef = 6D6AA39E2136DED600635BB4 /* .gitignore */; };
		6DA1111F21612AD100C2AA45 /* Test.storyboard in Resources */ = {isa = PBXBuildFile; fileRef = 6DA1111E21612AD100C2AA45 /* Test.storyboard */; };
		6DA1112121612DA600C2AA45 /* TestViewController.swift in Sources */ = {isa = PBXBuildFile; fileRef = 6DA1112021612DA600C2AA45 /* TestViewController.swift */; };
		6DA11123216132FE00C2AA45 /* Post.swift in Sources */ = {isa = PBXBuildFile; fileRef = 6DA11122216132FE00C2AA45 /* Post.swift */; };
		6DA1112521613F2500C2AA45 /* User.swift in Sources */ = {isa = PBXBuildFile; fileRef = 6DA1112421613F2500C2AA45 /* User.swift */; };
		6DA111272162B08C00C2AA45 /* Message.swift in Sources */ = {isa = PBXBuildFile; fileRef = 6DA111262162B08C00C2AA45 /* Message.swift */; };
		6DA1112A2163E8FA00C2AA45 /* NetworkServices.swift in Sources */ = {isa = PBXBuildFile; fileRef = 6DA111292163E8FA00C2AA45 /* NetworkServices.swift */; };
		6DA1112D2166732000C2AA45 /* ContactListTableViewController.swift in Sources */ = {isa = PBXBuildFile; fileRef = 6DA1112C2166732000C2AA45 /* ContactListTableViewController.swift */; };
		6DA1112F2166737900C2AA45 /* ContactListTableViewCell.swift in Sources */ = {isa = PBXBuildFile; fileRef = 6DA1112E2166737900C2AA45 /* ContactListTableViewCell.swift */; };
		6DA11133216B8C2E00C2AA45 /* ChatListTableViewCell.swift in Sources */ = {isa = PBXBuildFile; fileRef = 6DA11132216B8C2E00C2AA45 /* ChatListTableViewCell.swift */; };
		6DA11135216B8C6D00C2AA45 /* ChatListTableViewController.swift in Sources */ = {isa = PBXBuildFile; fileRef = 6DA11134216B8C6D00C2AA45 /* ChatListTableViewController.swift */; };
		6DA1113B216CD0BC00C2AA45 /* ApplicationSwitcherRC.swift in Sources */ = {isa = PBXBuildFile; fileRef = 6DA1113A216CD0BC00C2AA45 /* ApplicationSwitcherRC.swift */; };
		6DD41E442120C5C8002EE1F3 /* AppDelegate.swift in Sources */ = {isa = PBXBuildFile; fileRef = 6DD41E432120C5C8002EE1F3 /* AppDelegate.swift */; };
		6DD41E462120C5C8002EE1F3 /* LoginViewController.swift in Sources */ = {isa = PBXBuildFile; fileRef = 6DD41E452120C5C8002EE1F3 /* LoginViewController.swift */; };
		6DD41E492120C5C8002EE1F3 /* Login.storyboard in Resources */ = {isa = PBXBuildFile; fileRef = 6DD41E472120C5C8002EE1F3 /* Login.storyboard */; };
		6DD41E4B2120C5C9002EE1F3 /* Assets.xcassets in Resources */ = {isa = PBXBuildFile; fileRef = 6DD41E4A2120C5C9002EE1F3 /* Assets.xcassets */; };
		6DD41E4E2120C5C9002EE1F3 /* LaunchScreen.storyboard in Resources */ = {isa = PBXBuildFile; fileRef = 6DD41E4C2120C5C9002EE1F3 /* LaunchScreen.storyboard */; };
		BC9AC6A12193059F00348948 /* ChatListModel.swift in Sources */ = {isa = PBXBuildFile; fileRef = BC9AC6A02193059F00348948 /* ChatListModel.swift */; };
		C1896404218B80F300CE4ABE /* SignUpViewController.swift in Sources */ = {isa = PBXBuildFile; fileRef = C1896401218B80F300CE4ABE /* SignUpViewController.swift */; };
		C1896405218B80F300CE4ABE /* SignUp.storyboard in Resources */ = {isa = PBXBuildFile; fileRef = C1896403218B80F300CE4ABE /* SignUp.storyboard */; };
		C189640821997FB700CE4ABE /* MyProfileViewController.swift in Sources */ = {isa = PBXBuildFile; fileRef = C189640721997FB700CE4ABE /* MyProfileViewController.swift */; };
		C18F9D30219ABCA30039D51C /* EditProfileViewController.swift in Sources */ = {isa = PBXBuildFile; fileRef = C18F9D2F219ABCA30039D51C /* EditProfileViewController.swift */; };
		CA7F3602D8378932351022B8 /* Pods_pocket_ios_client.framework in Frameworks */ = {isa = PBXBuildFile; fileRef = 27A1FDB081DFD17F42B4F5D9 /* Pods_pocket_ios_client.framework */; };
/* End PBXBuildFile section */

/* Begin PBXFileReference section */
		0D38D52F6933133B10642D50 /* Pods-pocket-ios-client.debug.xcconfig */ = {isa = PBXFileReference; includeInIndex = 1; lastKnownFileType = text.xcconfig; name = "Pods-pocket-ios-client.debug.xcconfig"; path = "Pods/Target Support Files/Pods-pocket-ios-client/Pods-pocket-ios-client.debug.xcconfig"; sourceTree = "<group>"; };
		242481EE217ED15000F708C6 /* MessageAndWebSocket.swift */ = {isa = PBXFileReference; lastKnownFileType = sourcecode.swift; path = MessageAndWebSocket.swift; sourceTree = "<group>"; };
		245617412178BDB8007A9103 /* ChatViewController.swift */ = {isa = PBXFileReference; lastKnownFileType = sourcecode.swift; path = ChatViewController.swift; sourceTree = "<group>"; };
		27A1FDB081DFD17F42B4F5D9 /* Pods_pocket_ios_client.framework */ = {isa = PBXFileReference; explicitFileType = wrapper.framework; includeInIndex = 0; path = Pods_pocket_ios_client.framework; sourceTree = BUILT_PRODUCTS_DIR; };
		3F3196F743F6A858E70F1D8C /* Pods-pocket-ios-client.release.xcconfig */ = {isa = PBXFileReference; includeInIndex = 1; lastKnownFileType = text.xcconfig; name = "Pods-pocket-ios-client.release.xcconfig"; path = "Pods/Target Support Files/Pods-pocket-ios-client/Pods-pocket-ios-client.release.xcconfig"; sourceTree = "<group>"; };
		6D2988EF21935F590004199F /* TokenService.swift */ = {isa = PBXFileReference; lastKnownFileType = sourcecode.swift; path = TokenService.swift; sourceTree = "<group>"; };
		6D6AA39E2136DED600635BB4 /* .gitignore */ = {isa = PBXFileReference; lastKnownFileType = text; path = .gitignore; sourceTree = "<group>"; };
		6DA1111E21612AD100C2AA45 /* Test.storyboard */ = {isa = PBXFileReference; lastKnownFileType = file.storyboard; path = Test.storyboard; sourceTree = "<group>"; };
		6DA1112021612DA600C2AA45 /* TestViewController.swift */ = {isa = PBXFileReference; lastKnownFileType = sourcecode.swift; path = TestViewController.swift; sourceTree = "<group>"; };
		6DA11122216132FE00C2AA45 /* Post.swift */ = {isa = PBXFileReference; lastKnownFileType = sourcecode.swift; path = Post.swift; sourceTree = "<group>"; };
		6DA1112421613F2500C2AA45 /* User.swift */ = {isa = PBXFileReference; lastKnownFileType = sourcecode.swift; path = User.swift; sourceTree = "<group>"; };
		6DA111262162B08C00C2AA45 /* Message.swift */ = {isa = PBXFileReference; lastKnownFileType = sourcecode.swift; path = Message.swift; sourceTree = "<group>"; };
		6DA111292163E8FA00C2AA45 /* NetworkServices.swift */ = {isa = PBXFileReference; lastKnownFileType = sourcecode.swift; path = NetworkServices.swift; sourceTree = "<group>"; };
		6DA1112C2166732000C2AA45 /* ContactListTableViewController.swift */ = {isa = PBXFileReference; lastKnownFileType = sourcecode.swift; path = ContactListTableViewController.swift; sourceTree = "<group>"; };
		6DA1112E2166737900C2AA45 /* ContactListTableViewCell.swift */ = {isa = PBXFileReference; lastKnownFileType = sourcecode.swift; path = ContactListTableViewCell.swift; sourceTree = "<group>"; };
		6DA11132216B8C2E00C2AA45 /* ChatListTableViewCell.swift */ = {isa = PBXFileReference; lastKnownFileType = sourcecode.swift; path = ChatListTableViewCell.swift; sourceTree = "<group>"; };
		6DA11134216B8C6D00C2AA45 /* ChatListTableViewController.swift */ = {isa = PBXFileReference; lastKnownFileType = sourcecode.swift; path = ChatListTableViewController.swift; sourceTree = "<group>"; };
		6DA1113A216CD0BC00C2AA45 /* ApplicationSwitcherRC.swift */ = {isa = PBXFileReference; lastKnownFileType = sourcecode.swift; name = ApplicationSwitcherRC.swift; path = "pocket-ios-client/Test/ApplicationSwitcherRC.swift"; sourceTree = SOURCE_ROOT; };
		6DD41E402120C5C8002EE1F3 /* pocket-ios-client.app */ = {isa = PBXFileReference; explicitFileType = wrapper.application; includeInIndex = 0; path = "pocket-ios-client.app"; sourceTree = BUILT_PRODUCTS_DIR; };
		6DD41E432120C5C8002EE1F3 /* AppDelegate.swift */ = {isa = PBXFileReference; lastKnownFileType = sourcecode.swift; path = AppDelegate.swift; sourceTree = "<group>"; };
		6DD41E452120C5C8002EE1F3 /* LoginViewController.swift */ = {isa = PBXFileReference; lastKnownFileType = sourcecode.swift; path = LoginViewController.swift; sourceTree = "<group>"; };
		6DD41E482120C5C8002EE1F3 /* Base */ = {isa = PBXFileReference; lastKnownFileType = file.storyboard; name = Base; path = Base.lproj/Login.storyboard; sourceTree = "<group>"; };
		6DD41E4A2120C5C9002EE1F3 /* Assets.xcassets */ = {isa = PBXFileReference; lastKnownFileType = folder.assetcatalog; path = Assets.xcassets; sourceTree = "<group>"; };
		6DD41E4D2120C5C9002EE1F3 /* Base */ = {isa = PBXFileReference; lastKnownFileType = file.storyboard; name = Base; path = Base.lproj/LaunchScreen.storyboard; sourceTree = "<group>"; };
		6DD41E4F2120C5C9002EE1F3 /* Info.plist */ = {isa = PBXFileReference; lastKnownFileType = text.plist.xml; path = Info.plist; sourceTree = "<group>"; };
		BC9AC6A02193059F00348948 /* ChatListModel.swift */ = {isa = PBXFileReference; lastKnownFileType = sourcecode.swift; path = ChatListModel.swift; sourceTree = "<group>"; };
		C1896401218B80F300CE4ABE /* SignUpViewController.swift */ = {isa = PBXFileReference; fileEncoding = 4; lastKnownFileType = sourcecode.swift; path = SignUpViewController.swift; sourceTree = "<group>"; };
		C1896403218B80F300CE4ABE /* SignUp.storyboard */ = {isa = PBXFileReference; fileEncoding = 4; lastKnownFileType = file.storyboard; path = SignUp.storyboard; sourceTree = "<group>"; };
		C189640721997FB700CE4ABE /* MyProfileViewController.swift */ = {isa = PBXFileReference; lastKnownFileType = sourcecode.swift; path = MyProfileViewController.swift; sourceTree = "<group>"; };
		C18F9D2F219ABCA30039D51C /* EditProfileViewController.swift */ = {isa = PBXFileReference; lastKnownFileType = sourcecode.swift; path = EditProfileViewController.swift; sourceTree = "<group>"; };
/* End PBXFileReference section */

/* Begin PBXFrameworksBuildPhase section */
		6DD41E3D2120C5C8002EE1F3 /* Frameworks */ = {
			isa = PBXFrameworksBuildPhase;
			buildActionMask = 2147483647;
			files = (
				CA7F3602D8378932351022B8 /* Pods_pocket_ios_client.framework in Frameworks */,
			);
			runOnlyForDeploymentPostprocessing = 0;
		};
/* End PBXFrameworksBuildPhase section */

/* Begin PBXGroup section */
		23CE2D0AB62A7D3715539640 /* Pods */ = {
			isa = PBXGroup;
			children = (
				0D38D52F6933133B10642D50 /* Pods-pocket-ios-client.debug.xcconfig */,
				3F3196F743F6A858E70F1D8C /* Pods-pocket-ios-client.release.xcconfig */,
			);
			name = Pods;
			sourceTree = "<group>";
		};
		242481EC217C61D700F708C6 /* Model */ = {
			isa = PBXGroup;
			children = (
				6DA111262162B08C00C2AA45 /* Message.swift */,
				242481EE217ED15000F708C6 /* MessageAndWebSocket.swift */,
			);
			path = Model;
			sourceTree = "<group>";
		};
		242481ED217C61E600F708C6 /* Controller */ = {
			isa = PBXGroup;
			children = (
				245617412178BDB8007A9103 /* ChatViewController.swift */,
			);
			path = Controller;
			sourceTree = "<group>";
		};
		2456173C21768A04007A9103 /* ChatWindow */ = {
			isa = PBXGroup;
			children = (
				242481ED217C61E600F708C6 /* Controller */,
				242481EC217C61D700F708C6 /* Model */,
			);
			path = ChatWindow;
			sourceTree = "<group>";
		};
		6D2988ED21935F270004199F /* TokenService */ = {
			isa = PBXGroup;
			children = (
				6D2988EE21935F380004199F /* Controller */,
			);
			path = TokenService;
			sourceTree = "<group>";
		};
		6D2988EE21935F380004199F /* Controller */ = {
			isa = PBXGroup;
			children = (
				6D2988EF21935F590004199F /* TokenService.swift */,
			);
			path = Controller;
			sourceTree = "<group>";
		};
		6DA1111D21612AB800C2AA45 /* Test */ = {
			isa = PBXGroup;
			children = (
				6DA1111E21612AD100C2AA45 /* Test.storyboard */,
				6DA1112021612DA600C2AA45 /* TestViewController.swift */,
				6DA11122216132FE00C2AA45 /* Post.swift */,
			);
			path = Test;
			sourceTree = "<group>";
		};
		6DA111282163E8DC00C2AA45 /* NetworkServices */ = {
			isa = PBXGroup;
			children = (
				6DA111292163E8FA00C2AA45 /* NetworkServices.swift */,
			);
			path = NetworkServices;
			sourceTree = "<group>";
		};
		6DA1112B216672D300C2AA45 /* UserList */ = {
			isa = PBXGroup;
			children = (
				6DA1112C2166732000C2AA45 /* ContactListTableViewController.swift */,
				6DA1112E2166737900C2AA45 /* ContactListTableViewCell.swift */,
			);
			path = UserList;
			sourceTree = "<group>";
		};
		6DA11131216B8C1000C2AA45 /* ChatList */ = {
			isa = PBXGroup;
			children = (
				6DA11132216B8C2E00C2AA45 /* ChatListTableViewCell.swift */,
				6DA11134216B8C6D00C2AA45 /* ChatListTableViewController.swift */,
				BC9AC6A02193059F00348948 /* ChatListModel.swift */,
			);
			path = ChatList;
			sourceTree = "<group>";
		};
		6DD41E372120C5C8002EE1F3 = {
			isa = PBXGroup;
			children = (
				6D6AA39E2136DED600635BB4 /* .gitignore */,
				6DD41E422120C5C8002EE1F3 /* pocket-ios-client */,
				6DD41E412120C5C8002EE1F3 /* Products */,
				23CE2D0AB62A7D3715539640 /* Pods */,
				6E5D3DDCC012328B616E8B53 /* Frameworks */,
			);
			sourceTree = "<group>";
		};
		6DD41E412120C5C8002EE1F3 /* Products */ = {
			isa = PBXGroup;
			children = (
				6DD41E402120C5C8002EE1F3 /* pocket-ios-client.app */,
			);
			name = Products;
			sourceTree = "<group>";
		};
		6DD41E422120C5C8002EE1F3 /* pocket-ios-client */ = {
			isa = PBXGroup;
			children = (
				6D2988ED21935F270004199F /* TokenService */,
				2456173C21768A04007A9103 /* ChatWindow */,
				6DA11131216B8C1000C2AA45 /* ChatList */,
				6DA1112B216672D300C2AA45 /* UserList */,
				C189640621997EC000CE4ABE /* MyProfile */,
				6DA1111D21612AB800C2AA45 /* Test */,
				6DD41E562120C5EF002EE1F3 /* Application */,
				6DD41E552120C5DD002EE1F3 /* Login */,
				C18963FF218B80F300CE4ABE /* SignUp */,
				6DD41E5D2120C679002EE1F3 /* Supporting Files */,
			);
			path = "pocket-ios-client";
			sourceTree = "<group>";
		};
		6DD41E552120C5DD002EE1F3 /* Login */ = {
			isa = PBXGroup;
			children = (
				6DA111282163E8DC00C2AA45 /* NetworkServices */,
				6DD41E592120C614002EE1F3 /* Model */,
				6DD41E582120C60B002EE1F3 /* View */,
				6DD41E572120C5F9002EE1F3 /* Controller */,
			);
			path = Login;
			sourceTree = "<group>";
		};
		6DD41E562120C5EF002EE1F3 /* Application */ = {
			isa = PBXGroup;
			children = (
				6DD41E5C2120C645002EE1F3 /* Model */,
				6DD41E5B2120C63F002EE1F3 /* View */,
				6DD41E5A2120C636002EE1F3 /* Controller */,
			);
			path = Application;
			sourceTree = "<group>";
		};
		6DD41E572120C5F9002EE1F3 /* Controller */ = {
			isa = PBXGroup;
			children = (
				6DD41E452120C5C8002EE1F3 /* LoginViewController.swift */,
			);
			path = Controller;
			sourceTree = "<group>";
		};
		6DD41E582120C60B002EE1F3 /* View */ = {
			isa = PBXGroup;
			children = (
				6DD41E472120C5C8002EE1F3 /* Login.storyboard */,
			);
			path = View;
			sourceTree = "<group>";
		};
		6DD41E592120C614002EE1F3 /* Model */ = {
			isa = PBXGroup;
			children = (
				6DA1112421613F2500C2AA45 /* User.swift */,
			);
			path = Model;
			sourceTree = "<group>";
		};
		6DD41E5A2120C636002EE1F3 /* Controller */ = {
			isa = PBXGroup;
			children = (
				6DA1113A216CD0BC00C2AA45 /* ApplicationSwitcherRC.swift */,
			);
			path = Controller;
			sourceTree = "<group>";
		};
		6DD41E5B2120C63F002EE1F3 /* View */ = {
			isa = PBXGroup;
			children = (
				6DD41E4C2120C5C9002EE1F3 /* LaunchScreen.storyboard */,
			);
			path = View;
			sourceTree = "<group>";
		};
		6DD41E5C2120C645002EE1F3 /* Model */ = {
			isa = PBXGroup;
			children = (
				6DD41E432120C5C8002EE1F3 /* AppDelegate.swift */,
			);
			path = Model;
			sourceTree = "<group>";
		};
		6DD41E5D2120C679002EE1F3 /* Supporting Files */ = {
			isa = PBXGroup;
			children = (
				6DD41E4A2120C5C9002EE1F3 /* Assets.xcassets */,
				6DD41E4F2120C5C9002EE1F3 /* Info.plist */,
			);
			path = "Supporting Files";
			sourceTree = "<group>";
		};
		6E5D3DDCC012328B616E8B53 /* Frameworks */ = {
			isa = PBXGroup;
			children = (
				27A1FDB081DFD17F42B4F5D9 /* Pods_pocket_ios_client.framework */,
			);
			name = Frameworks;
			sourceTree = "<group>";
		};
		C18963FF218B80F300CE4ABE /* SignUp */ = {
			isa = PBXGroup;
			children = (
				C1896400218B80F300CE4ABE /* Controller */,
				C1896402218B80F300CE4ABE /* View */,
			);
			path = SignUp;
			sourceTree = "<group>";
		};
		C1896400218B80F300CE4ABE /* Controller */ = {
			isa = PBXGroup;
			children = (
				C1896401218B80F300CE4ABE /* SignUpViewController.swift */,
			);
			path = Controller;
			sourceTree = "<group>";
		};
		C1896402218B80F300CE4ABE /* View */ = {
			isa = PBXGroup;
			children = (
				C1896403218B80F300CE4ABE /* SignUp.storyboard */,
			);
			path = View;
			sourceTree = "<group>";
		};
		C189640621997EC000CE4ABE /* MyProfile */ = {
			isa = PBXGroup;
			children = (
				C189640721997FB700CE4ABE /* MyProfileViewController.swift */,
				C18F9D2F219ABCA30039D51C /* EditProfileViewController.swift */,
			);
			path = MyProfile;
			sourceTree = "<group>";
		};
/* End PBXGroup section */

/* Begin PBXNativeTarget section */
		6DD41E3F2120C5C8002EE1F3 /* pocket-ios-client */ = {
			isa = PBXNativeTarget;
			buildConfigurationList = 6DD41E522120C5C9002EE1F3 /* Build configuration list for PBXNativeTarget "pocket-ios-client" */;
			buildPhases = (
				FFBFBA664E1E33F5CA23D764 /* [CP] Check Pods Manifest.lock */,
				6DD41E3C2120C5C8002EE1F3 /* Sources */,
				6DD41E3D2120C5C8002EE1F3 /* Frameworks */,
				6DD41E3E2120C5C8002EE1F3 /* Resources */,
				0E959F0E0619BD09C2F988E9 /* [CP] Embed Pods Frameworks */,
			);
			buildRules = (
			);
			dependencies = (
			);
			name = "pocket-ios-client";
			productName = "pocket-ios-client";
			productReference = 6DD41E402120C5C8002EE1F3 /* pocket-ios-client.app */;
			productType = "com.apple.product-type.application";
		};
/* End PBXNativeTarget section */

/* Begin PBXProject section */
		6DD41E382120C5C8002EE1F3 /* Project object */ = {
			isa = PBXProject;
			attributes = {
				LastSwiftUpdateCheck = 0940;
				LastUpgradeCheck = 0940;
				ORGANIZATIONNAME = "Damien Inc.";
				TargetAttributes = {
					6DD41E3F2120C5C8002EE1F3 = {
						CreatedOnToolsVersion = 9.4.1;
						LastSwiftMigration = 1000;
					};
				};
			};
			buildConfigurationList = 6DD41E3B2120C5C8002EE1F3 /* Build configuration list for PBXProject "pocket-ios-client" */;
			compatibilityVersion = "Xcode 9.3";
			developmentRegion = en;
			hasScannedForEncodings = 0;
			knownRegions = (
				en,
				Base,
			);
			mainGroup = 6DD41E372120C5C8002EE1F3;
			productRefGroup = 6DD41E412120C5C8002EE1F3 /* Products */;
			projectDirPath = "";
			projectRoot = "";
			targets = (
				6DD41E3F2120C5C8002EE1F3 /* pocket-ios-client */,
			);
		};
/* End PBXProject section */

/* Begin PBXResourcesBuildPhase section */
		6DD41E3E2120C5C8002EE1F3 /* Resources */ = {
			isa = PBXResourcesBuildPhase;
			buildActionMask = 2147483647;
			files = (
				6D6AA39F2136DED600635BB4 /* .gitignore in Resources */,
				6DD41E4E2120C5C9002EE1F3 /* LaunchScreen.storyboard in Resources */,
				C1896405218B80F300CE4ABE /* SignUp.storyboard in Resources */,
				6DD41E4B2120C5C9002EE1F3 /* Assets.xcassets in Resources */,
				6DD41E492120C5C8002EE1F3 /* Login.storyboard in Resources */,
				6DA1111F21612AD100C2AA45 /* Test.storyboard in Resources */,
			);
			runOnlyForDeploymentPostprocessing = 0;
		};
/* End PBXResourcesBuildPhase section */

/* Begin PBXShellScriptBuildPhase section */
		0E959F0E0619BD09C2F988E9 /* [CP] Embed Pods Frameworks */ = {
			isa = PBXShellScriptBuildPhase;
			buildActionMask = 2147483647;
			files = (
			);
			inputPaths = (
				"${SRCROOT}/Pods/Target Support Files/Pods-pocket-ios-client/Pods-pocket-ios-client-frameworks.sh",
				"${BUILT_PRODUCTS_DIR}/Starscream/Starscream.framework",
			);
			name = "[CP] Embed Pods Frameworks";
			outputPaths = (
				"${TARGET_BUILD_DIR}/${FRAMEWORKS_FOLDER_PATH}/Starscream.framework",
			);
			runOnlyForDeploymentPostprocessing = 0;
			shellPath = /bin/sh;
			shellScript = "\"${SRCROOT}/Pods/Target Support Files/Pods-pocket-ios-client/Pods-pocket-ios-client-frameworks.sh\"\n";
			showEnvVarsInLog = 0;
		};
		FFBFBA664E1E33F5CA23D764 /* [CP] Check Pods Manifest.lock */ = {
			isa = PBXShellScriptBuildPhase;
			buildActionMask = 2147483647;
			files = (
			);
			inputPaths = (
				"${PODS_PODFILE_DIR_PATH}/Podfile.lock",
				"${PODS_ROOT}/Manifest.lock",
			);
			name = "[CP] Check Pods Manifest.lock";
			outputPaths = (
				"$(DERIVED_FILE_DIR)/Pods-pocket-ios-client-checkManifestLockResult.txt",
			);
			runOnlyForDeploymentPostprocessing = 0;
			shellPath = /bin/sh;
			shellScript = "diff \"${PODS_PODFILE_DIR_PATH}/Podfile.lock\" \"${PODS_ROOT}/Manifest.lock\" > /dev/null\nif [ $? != 0 ] ; then\n    # print error to STDERR\n    echo \"error: The sandbox is not in sync with the Podfile.lock. Run 'pod install' or update your CocoaPods installation.\" >&2\n    exit 1\nfi\n# This output is used by Xcode 'outputs' to avoid re-running this script phase.\necho \"SUCCESS\" > \"${SCRIPT_OUTPUT_FILE_0}\"\n";
			showEnvVarsInLog = 0;
		};
/* End PBXShellScriptBuildPhase section */

/* Begin PBXSourcesBuildPhase section */
		6DD41E3C2120C5C8002EE1F3 /* Sources */ = {
			isa = PBXSourcesBuildPhase;
			buildActionMask = 2147483647;
			files = (
				6DD41E462120C5C8002EE1F3 /* LoginViewController.swift in Sources */,
				6DA11133216B8C2E00C2AA45 /* ChatListTableViewCell.swift in Sources */,
				242481EF217ED15000F708C6 /* MessageAndWebSocket.swift in Sources */,
				6DA1112F2166737900C2AA45 /* ContactListTableViewCell.swift in Sources */,
				6DA1113B216CD0BC00C2AA45 /* ApplicationSwitcherRC.swift in Sources */,
				6DA1112121612DA600C2AA45 /* TestViewController.swift in Sources */,
				6DA11135216B8C6D00C2AA45 /* ChatListTableViewController.swift in Sources */,
				6DA1112D2166732000C2AA45 /* ContactListTableViewController.swift in Sources */,
				6D2988F021935F590004199F /* TokenService.swift in Sources */,
				6DD41E442120C5C8002EE1F3 /* AppDelegate.swift in Sources */,
				C1896404218B80F300CE4ABE /* SignUpViewController.swift in Sources */,
				6DA1112521613F2500C2AA45 /* User.swift in Sources */,
				C189640821997FB700CE4ABE /* MyProfileViewController.swift in Sources */,
				BC9AC6A12193059F00348948 /* ChatListModel.swift in Sources */,
				C18F9D30219ABCA30039D51C /* EditProfileViewController.swift in Sources */,
				245617422178BDB8007A9103 /* ChatViewController.swift in Sources */,
				6DA11123216132FE00C2AA45 /* Post.swift in Sources */,
				6DA1112A2163E8FA00C2AA45 /* NetworkServices.swift in Sources */,
				6DA111272162B08C00C2AA45 /* Message.swift in Sources */,
			);
			runOnlyForDeploymentPostprocessing = 0;
		};
/* End PBXSourcesBuildPhase section */

/* Begin PBXVariantGroup section */
		6DD41E472120C5C8002EE1F3 /* Login.storyboard */ = {
			isa = PBXVariantGroup;
			children = (
				6DD41E482120C5C8002EE1F3 /* Base */,
			);
			name = Login.storyboard;
			sourceTree = "<group>";
		};
		6DD41E4C2120C5C9002EE1F3 /* LaunchScreen.storyboard */ = {
			isa = PBXVariantGroup;
			children = (
				6DD41E4D2120C5C9002EE1F3 /* Base */,
			);
			name = LaunchScreen.storyboard;
			sourceTree = "<group>";
		};
/* End PBXVariantGroup section */

/* Begin XCBuildConfiguration section */
		6DD41E502120C5C9002EE1F3 /* Debug */ = {
			isa = XCBuildConfiguration;
			buildSettings = {
				ALWAYS_SEARCH_USER_PATHS = NO;
				CLANG_ANALYZER_NONNULL = YES;
				CLANG_ANALYZER_NUMBER_OBJECT_CONVERSION = YES_AGGRESSIVE;
				CLANG_CXX_LANGUAGE_STANDARD = "gnu++14";
				CLANG_CXX_LIBRARY = "libc++";
				CLANG_ENABLE_MODULES = YES;
				CLANG_ENABLE_OBJC_ARC = YES;
				CLANG_ENABLE_OBJC_WEAK = YES;
				CLANG_WARN_BLOCK_CAPTURE_AUTORELEASING = YES;
				CLANG_WARN_BOOL_CONVERSION = YES;
				CLANG_WARN_COMMA = YES;
				CLANG_WARN_CONSTANT_CONVERSION = YES;
				CLANG_WARN_DEPRECATED_OBJC_IMPLEMENTATIONS = YES;
				CLANG_WARN_DIRECT_OBJC_ISA_USAGE = YES_ERROR;
				CLANG_WARN_DOCUMENTATION_COMMENTS = YES;
				CLANG_WARN_EMPTY_BODY = YES;
				CLANG_WARN_ENUM_CONVERSION = YES;
				CLANG_WARN_INFINITE_RECURSION = YES;
				CLANG_WARN_INT_CONVERSION = YES;
				CLANG_WARN_NON_LITERAL_NULL_CONVERSION = YES;
				CLANG_WARN_OBJC_IMPLICIT_RETAIN_SELF = YES;
				CLANG_WARN_OBJC_LITERAL_CONVERSION = YES;
				CLANG_WARN_OBJC_ROOT_CLASS = YES_ERROR;
				CLANG_WARN_RANGE_LOOP_ANALYSIS = YES;
				CLANG_WARN_STRICT_PROTOTYPES = YES;
				CLANG_WARN_SUSPICIOUS_MOVE = YES;
				CLANG_WARN_UNGUARDED_AVAILABILITY = YES_AGGRESSIVE;
				CLANG_WARN_UNREACHABLE_CODE = YES;
				CLANG_WARN__DUPLICATE_METHOD_MATCH = YES;
				CODE_SIGN_IDENTITY = "iPhone Developer";
				COPY_PHASE_STRIP = NO;
				DEBUG_INFORMATION_FORMAT = dwarf;
				ENABLE_STRICT_OBJC_MSGSEND = YES;
				ENABLE_TESTABILITY = YES;
				GCC_C_LANGUAGE_STANDARD = gnu11;
				GCC_DYNAMIC_NO_PIC = NO;
				GCC_NO_COMMON_BLOCKS = YES;
				GCC_OPTIMIZATION_LEVEL = 0;
				GCC_PREPROCESSOR_DEFINITIONS = (
					"DEBUG=1",
					"$(inherited)",
				);
				GCC_WARN_64_TO_32_BIT_CONVERSION = YES;
				GCC_WARN_ABOUT_RETURN_TYPE = YES_ERROR;
				GCC_WARN_UNDECLARED_SELECTOR = YES;
				GCC_WARN_UNINITIALIZED_AUTOS = YES_AGGRESSIVE;
				GCC_WARN_UNUSED_FUNCTION = YES;
				GCC_WARN_UNUSED_VARIABLE = YES;
				IPHONEOS_DEPLOYMENT_TARGET = 11.4;
				MTL_ENABLE_DEBUG_INFO = YES;
				ONLY_ACTIVE_ARCH = YES;
				SDKROOT = iphoneos;
				SWIFT_ACTIVE_COMPILATION_CONDITIONS = DEBUG;
				SWIFT_OPTIMIZATION_LEVEL = "-Onone";
			};
			name = Debug;
		};
		6DD41E512120C5C9002EE1F3 /* Release */ = {
			isa = XCBuildConfiguration;
			buildSettings = {
				ALWAYS_SEARCH_USER_PATHS = NO;
				CLANG_ANALYZER_NONNULL = YES;
				CLANG_ANALYZER_NUMBER_OBJECT_CONVERSION = YES_AGGRESSIVE;
				CLANG_CXX_LANGUAGE_STANDARD = "gnu++14";
				CLANG_CXX_LIBRARY = "libc++";
				CLANG_ENABLE_MODULES = YES;
				CLANG_ENABLE_OBJC_ARC = YES;
				CLANG_ENABLE_OBJC_WEAK = YES;
				CLANG_WARN_BLOCK_CAPTURE_AUTORELEASING = YES;
				CLANG_WARN_BOOL_CONVERSION = YES;
				CLANG_WARN_COMMA = YES;
				CLANG_WARN_CONSTANT_CONVERSION = YES;
				CLANG_WARN_DEPRECATED_OBJC_IMPLEMENTATIONS = YES;
				CLANG_WARN_DIRECT_OBJC_ISA_USAGE = YES_ERROR;
				CLANG_WARN_DOCUMENTATION_COMMENTS = YES;
				CLANG_WARN_EMPTY_BODY = YES;
				CLANG_WARN_ENUM_CONVERSION = YES;
				CLANG_WARN_INFINITE_RECURSION = YES;
				CLANG_WARN_INT_CONVERSION = YES;
				CLANG_WARN_NON_LITERAL_NULL_CONVERSION = YES;
				CLANG_WARN_OBJC_IMPLICIT_RETAIN_SELF = YES;
				CLANG_WARN_OBJC_LITERAL_CONVERSION = YES;
				CLANG_WARN_OBJC_ROOT_CLASS = YES_ERROR;
				CLANG_WARN_RANGE_LOOP_ANALYSIS = YES;
				CLANG_WARN_STRICT_PROTOTYPES = YES;
				CLANG_WARN_SUSPICIOUS_MOVE = YES;
				CLANG_WARN_UNGUARDED_AVAILABILITY = YES_AGGRESSIVE;
				CLANG_WARN_UNREACHABLE_CODE = YES;
				CLANG_WARN__DUPLICATE_METHOD_MATCH = YES;
				CODE_SIGN_IDENTITY = "iPhone Developer";
				COPY_PHASE_STRIP = NO;
				DEBUG_INFORMATION_FORMAT = "dwarf-with-dsym";
				ENABLE_NS_ASSERTIONS = NO;
				ENABLE_STRICT_OBJC_MSGSEND = YES;
				GCC_C_LANGUAGE_STANDARD = gnu11;
				GCC_NO_COMMON_BLOCKS = YES;
				GCC_WARN_64_TO_32_BIT_CONVERSION = YES;
				GCC_WARN_ABOUT_RETURN_TYPE = YES_ERROR;
				GCC_WARN_UNDECLARED_SELECTOR = YES;
				GCC_WARN_UNINITIALIZED_AUTOS = YES_AGGRESSIVE;
				GCC_WARN_UNUSED_FUNCTION = YES;
				GCC_WARN_UNUSED_VARIABLE = YES;
				IPHONEOS_DEPLOYMENT_TARGET = 11.4;
				MTL_ENABLE_DEBUG_INFO = NO;
				SDKROOT = iphoneos;
				SWIFT_COMPILATION_MODE = wholemodule;
				SWIFT_OPTIMIZATION_LEVEL = "-O";
				VALIDATE_PRODUCT = YES;
			};
			name = Release;
		};
		6DD41E532120C5C9002EE1F3 /* Debug */ = {
			isa = XCBuildConfiguration;
			baseConfigurationReference = 0D38D52F6933133B10642D50 /* Pods-pocket-ios-client.debug.xcconfig */;
			buildSettings = {
				ASSETCATALOG_COMPILER_APPICON_NAME = AppIcon;
				CODE_SIGN_STYLE = Automatic;
				DEVELOPMENT_TEAM = N7723M4M7F;
				INFOPLIST_FILE = "$(SRCROOT)/pocket-ios-client/Supporting Files/Info.plist";
				LD_RUNPATH_SEARCH_PATHS = (
					"$(inherited)",
					"@executable_path/Frameworks",
				);
				PRODUCT_BUNDLE_IDENTIFIER = "com.damieninc.pocket-ios-client";
				PRODUCT_NAME = "$(TARGET_NAME)";
				SWIFT_VERSION = 4.2;
				TARGETED_DEVICE_FAMILY = "1,2";
			};
			name = Debug;
		};
		6DD41E542120C5C9002EE1F3 /* Release */ = {
			isa = XCBuildConfiguration;
			baseConfigurationReference = 3F3196F743F6A858E70F1D8C /* Pods-pocket-ios-client.release.xcconfig */;
			buildSettings = {
				ASSETCATALOG_COMPILER_APPICON_NAME = AppIcon;
				CODE_SIGN_STYLE = Automatic;
				DEVELOPMENT_TEAM = N7723M4M7F;
				INFOPLIST_FILE = "$(SRCROOT)/pocket-ios-client/Supporting Files/Info.plist";
				LD_RUNPATH_SEARCH_PATHS = (
					"$(inherited)",
					"@executable_path/Frameworks",
				);
				PRODUCT_BUNDLE_IDENTIFIER = "com.damieninc.pocket-ios-client";
				PRODUCT_NAME = "$(TARGET_NAME)";
				SWIFT_VERSION = 4.2;
				TARGETED_DEVICE_FAMILY = "1,2";
			};
			name = Release;
		};
/* End XCBuildConfiguration section */

/* Begin XCConfigurationList section */
		6DD41E3B2120C5C8002EE1F3 /* Build configuration list for PBXProject "pocket-ios-client" */ = {
			isa = XCConfigurationList;
			buildConfigurations = (
				6DD41E502120C5C9002EE1F3 /* Debug */,
				6DD41E512120C5C9002EE1F3 /* Release */,
			);
			defaultConfigurationIsVisible = 0;
			defaultConfigurationName = Release;
		};
		6DD41E522120C5C9002EE1F3 /* Build configuration list for PBXNativeTarget "pocket-ios-client" */ = {
			isa = XCConfigurationList;
			buildConfigurations = (
				6DD41E532120C5C9002EE1F3 /* Debug */,
				6DD41E542120C5C9002EE1F3 /* Release */,
			);
			defaultConfigurationIsVisible = 0;
			defaultConfigurationName = Release;
		};
/* End XCConfigurationList section */
	};
	rootObject = 6DD41E382120C5C8002EE1F3 /* Project object */;
}
